
Microsoft Visual Studio Solution File, Format Version 12.00
# Visual Studio 15
VisualStudioVersion = 15.0.28307.421
MinimumVisualStudioVersion = 10.0.40219.1
Project("{FAE04EC0-301F-11D3-BF4B-00C04F79EFBC}") = "APP.Core", "APP.Core\APP.Core.csproj", "{AE6A5AC1-2B1D-4B66-BA6C-D5A308639CBE}"
EndProject
Project("{FAE04EC0-301F-11D3-BF4B-00C04F79EFBC}") = "APP.Application", "APP.Application\APP.Application.csproj", "{990395BF-B290-46C5-8DD6-C9A41F6C786C}"
EndProject
Project("{FAE04EC0-301F-11D3-BF4B-00C04F79EFBC}") = "APP.Common", "APP.Common\APP.Common.csproj", "{6026CF7D-6E0C-4952-89B5-94D6D420E02E}"
EndProject
Project("{FAE04EC0-301F-11D3-BF4B-00C04F79EFBC}") = "APP.EntityFramework", "APP.EntityFramework\APP.EntityFramework.csproj", "{8C03D133-C87C-413A-8471-89E22875761C}"
EndProject
Project("{FAE04EC0-301F-11D3-BF4B-00C04F79EFBC}") = "APP.Model", "APP.Model\APP.Model.csproj", "{0A7D2C56-6CCF-4A62-ADA5-43031EEC71E5}"
EndProject
Project("{FAE04EC0-301F-11D3-BF4B-00C04F79EFBC}") = "APP.Web", "APP.Web\APP.Web.csproj", "{18D7DF98-1D93-4894-BA0F-D3DFDC6C56FF}"
EndProject
Global
	GlobalSection(SolutionConfigurationPlatforms) = preSolution
		Debug|Any CPU = Debug|Any CPU
		Release|Any CPU = Release|Any CPU
	EndGlobalSection
	GlobalSection(ProjectConfigurationPlatforms) = postSolution
		{AE6A5AC1-2B1D-4B66-BA6C-D5A308639CBE}.Debug|Any CPU.ActiveCfg = Debug|Any CPU
		{AE6A5AC1-2B1D-4B66-BA6C-D5A308639CBE}.Debug|Any CPU.Build.0 = Debug|Any CPU
		{AE6A5AC1-2B1D-4B66-BA6C-D5A308639CBE}.Release|Any CPU.ActiveCfg = Release|Any CPU
		{AE6A5AC1-2B1D-4B66-BA6C-D5A308639CBE}.Release|Any CPU.Build.0 = Release|Any CPU
		{990395BF-B290-46C5-8DD6-C9A41F6C786C}.Debug|Any CPU.ActiveCfg = Debug|Any CPU
		{990395BF-B290-46C5-8DD6-C9A41F6C786C}.Debug|Any CPU.Build.0 = Debug|Any CPU
		{990395BF-B290-46C5-8DD6-C9A41F6C786C}.Release|Any CPU.ActiveCfg = Release|Any CPU
		{990395BF-B290-46C5-8DD6-C9A41F6C786C}.Release|Any CPU.Build.0 = Release|Any CPU
		{6026CF7D-6E0C-4952-89B5-94D6D420E02E}.Debug|Any CPU.ActiveCfg = Debug|Any CPU
		{6026CF7D-6E0C-4952-89B5-94D6D420E02E}.Debug|Any CPU.Build.0 = Debug|Any CPU
		{6026CF7D-6E0C-4952-89B5-94D6D420E02E}.Release|Any CPU.ActiveCfg = Release|Any CPU
		{6026CF7D-6E0C-4952-89B5-94D6D420E02E}.Release|Any CPU.Build.0 = Release|Any CPU
		{8C03D133-C87C-413A-8471-89E22875761C}.Debug|Any CPU.ActiveCfg = Debug|Any CPU
		{8C03D133-C87C-413A-8471-89E22875761C}.Debug|Any CPU.Build.0 = Debug|Any CPU
		{8C03D133-C87C-413A-8471-89E22875761C}.Release|Any CPU.ActiveCfg = Release|Any CPU
		{8C03D133-C87C-413A-8471-89E22875761C}.Release|Any CPU.Build.0 = Release|Any CPU
		{0A7D2C56-6CCF-4A62-ADA5-43031EEC71E5}.Debug|Any CPU.ActiveCfg = Debug|Any CPU
		{0A7D2C56-6CCF-4A62-ADA5-43031EEC71E5}.Debug|Any CPU.Build.0 = Debug|Any CPU
		{0A7D2C56-6CCF-4A62-ADA5-43031EEC71E5}.Release|Any CPU.ActiveCfg = Release|Any CPU
		{0A7D2C56-6CCF-4A62-ADA5-43031EEC71E5}.Release|Any CPU.Build.0 = Release|Any CPU
		{18D7DF98-1D93-4894-BA0F-D3DFDC6C56FF}.Debug|Any CPU.ActiveCfg = Debug|Any CPU
		{18D7DF98-1D93-4894-BA0F-D3DFDC6C56FF}.Debug|Any CPU.Build.0 = Debug|Any CPU
		{18D7DF98-1D93-4894-BA0F-D3DFDC6C56FF}.Release|Any CPU.ActiveCfg = Release|Any CPU
		{18D7DF98-1D93-4894-BA0F-D3DFDC6C56FF}.Release|Any CPU.Build.0 = Release|Any CPU
	EndGlobalSection
	GlobalSection(SolutionProperties) = preSolution
		HideSolutionNode = FALSE
	EndGlobalSection
	GlobalSection(ExtensibilityGlobals) = postSolution
		SolutionGuid = {B39DD435-1854-40FF-9416-4E031A321376}
	EndGlobalSection
EndGlobal
